// !$*UTF8*$!
{
	archiveVersion = 1;
	classes = {
	};
	objectVersion = 48;
	objects = {

/* Begin PBXBuildFile section */
		846BD2491FDE5770004A30D3 /* AppDelegate.swift in Sources */ = {isa = PBXBuildFile; fileRef = 846BD2481FDE5770004A30D3 /* AppDelegate.swift */; };
		846BD24B1FDE5770004A30D3 /* ViewController.swift in Sources */ = {isa = PBXBuildFile; fileRef = 846BD24A1FDE5770004A30D3 /* ViewController.swift */; };
		846BD24E1FDE5770004A30D3 /* Main.storyboard in Resources */ = {isa = PBXBuildFile; fileRef = 846BD24C1FDE5770004A30D3 /* Main.storyboard */; };
		846BD2501FDE5770004A30D3 /* Assets.xcassets in Resources */ = {isa = PBXBuildFile; fileRef = 846BD24F1FDE5770004A30D3 /* Assets.xcassets */; };
		846BD2531FDE5770004A30D3 /* LaunchScreen.storyboard in Resources */ = {isa = PBXBuildFile; fileRef = 846BD2511FDE5770004A30D3 /* LaunchScreen.storyboard */; };
		846BD25E1FDE5771004A30D3 /* iOS11Tests.swift in Sources */ = {isa = PBXBuildFile; fileRef = 846BD25D1FDE5771004A30D3 /* iOS11Tests.swift */; };
		846BD2691FDE5771004A30D3 /* iOS11UITests.swift in Sources */ = {isa = PBXBuildFile; fileRef = 846BD2681FDE5771004A30D3 /* iOS11UITests.swift */; };
/* End PBXBuildFile section */

/* Begin PBXContainerItemProxy section */
		846BD25A1FDE5771004A30D3 /* PBXContainerItemProxy */ = {
			isa = PBXContainerItemProxy;
			containerPortal = 846BD23D1FDE5770004A30D3 /* Project object */;
			proxyType = 1;
			remoteGlobalIDString = 846BD2441FDE5770004A30D3;
			remoteInfo = iOS11;
		};
		846BD2651FDE5771004A30D3 /* PBXContainerItemProxy */ = {
			isa = PBXContainerItemProxy;
			containerPortal = 846BD23D1FDE5770004A30D3 /* Project object */;
			proxyType = 1;
			remoteGlobalIDString = 846BD2441FDE5770004A30D3;
			remoteInfo = iOS11;
		};
/* End PBXContainerItemProxy section */

/* Begin PBXFileReference section */
		846BD2451FDE5770004A30D3 /* iOS11.app */ = {isa = PBXFileReference; explicitFileType = wrapper.application; includeInIndex = 0; path = iOS11.app; sourceTree = BUILT_PRODUCTS_DIR; };
		846BD2481FDE5770004A30D3 /* AppDelegate.swift */ = {isa = PBXFileReference; lastKnownFileType = sourcecode.swift; path = AppDelegate.swift; sourceTree = "<group>"; };
		846BD24A1FDE5770004A30D3 /* ViewController.swift */ = {isa = PBXFileReference; lastKnownFileType = sourcecode.swift; path = ViewController.swift; sourceTree = "<group>"; };
		846BD24D1FDE5770004A30D3 /* Base */ = {isa = PBXFileReference; lastKnownFileType = file.storyboard; name = Base; path = Base.lproj/Main.storyboard; sourceTree = "<group>"; };
		846BD24F1FDE5770004A30D3 /* Assets.xcassets */ = {isa = PBXFileReference; lastKnownFileType = folder.assetcatalog; path = Assets.xcassets; sourceTree = "<group>"; };
		846BD2521FDE5770004A30D3 /* Base */ = {isa = PBXFileReference; lastKnownFileType = file.storyboard; name = Base; path = Base.lproj/LaunchScreen.storyboard; sourceTree = "<group>"; };
		846BD2541FDE5770004A30D3 /* Info.plist */ = {isa = PBXFileReference; lastKnownFileType = text.plist.xml; path = Info.plist; sourceTree = "<group>"; };
		846BD2591FDE5771004A30D3 /* iOS11Tests.xctest */ = {isa = PBXFileReference; explicitFileType = wrapper.cfbundle; includeInIndex = 0; path = iOS11Tests.xctest; sourceTree = BUILT_PRODUCTS_DIR; };
		846BD25D1FDE5771004A30D3 /* iOS11Tests.swift */ = {isa = PBXFileReference; lastKnownFileType = sourcecode.swift; path = iOS11Tests.swift; sourceTree = "<group>"; };
		846BD25F1FDE5771004A30D3 /* Info.plist */ = {isa = PBXFileReference; lastKnownFileType = text.plist.xml; path = Info.plist; sourceTree = "<group>"; };
		846BD2641FDE5771004A30D3 /* iOS11UITests.xctest */ = {isa = PBXFileReference; explicitFileType = wrapper.cfbundle; includeInIndex = 0; path = iOS11UITests.xctest; sourceTree = BUILT_PRODUCTS_DIR; };
		846BD2681FDE5771004A30D3 /* iOS11UITests.swift */ = {isa = PBXFileReference; lastKnownFileType = sourcecode.swift; path = iOS11UITests.swift; sourceTree = "<group>"; };
		846BD26A1FDE5771004A30D3 /* Info.plist */ = {isa = PBXFileReference; lastKnownFileType = text.plist.xml; path = Info.plist; sourceTree = "<group>"; };
/* End PBXFileReference section */

/* Begin PBXFrameworksBuildPhase section */
		846BD2421FDE5770004A30D3 /* Frameworks */ = {
			isa = PBXFrameworksBuildPhase;
			buildActionMask = 2147483647;
			files = (
			);
			runOnlyForDeploymentPostprocessing = 0;
		};
		846BD2561FDE5771004A30D3 /* Frameworks */ = {
			isa = PBXFrameworksBuildPhase;
			buildActionMask = 2147483647;
			files = (
			);
			runOnlyForDeploymentPostprocessing = 0;
		};
		846BD2611FDE5771004A30D3 /* Frameworks */ = {
			isa = PBXFrameworksBuildPhase;
			buildActionMask = 2147483647;
			files = (
			);
			runOnlyForDeploymentPostprocessing = 0;
		};
/* End PBXFrameworksBuildPhase section */

/* Begin PBXGroup section */
		846BD23C1FDE5770004A30D3 = {
			isa = PBXGroup;
			children = (
				846BD2471FDE5770004A30D3 /* iOS11 */,
				846BD25C1FDE5771004A30D3 /* iOS11Tests */,
				846BD2671FDE5771004A30D3 /* iOS11UITests */,
				846BD2461FDE5770004A30D3 /* Products */,
			);
			sourceTree = "<group>";
		};
		846BD2461FDE5770004A30D3 /* Products */ = {
			isa = PBXGroup;
			children = (
				846BD2451FDE5770004A30D3 /* iOS11.app */,
				846BD2591FDE5771004A30D3 /* iOS11Tests.xctest */,
				846BD2641FDE5771004A30D3 /* iOS11UITests.xctest */,
			);
			name = Products;
			sourceTree = "<group>";
		};
		846BD2471FDE5770004A30D3 /* iOS11 */ = {
			isa = PBXGroup;
			children = (
				846BD2481FDE5770004A30D3 /* AppDelegate.swift */,
				846BD24A1FDE5770004A30D3 /* ViewController.swift */,
				846BD24C1FDE5770004A30D3 /* Main.storyboard */,
				846BD24F1FDE5770004A30D3 /* Assets.xcassets */,
				846BD2511FDE5770004A30D3 /* LaunchScreen.storyboard */,
				846BD2541FDE5770004A30D3 /* Info.plist */,
			);
			path = iOS11;
			sourceTree = "<group>";
		};
		846BD25C1FDE5771004A30D3 /* iOS11Tests */ = {
			isa = PBXGroup;
			children = (
				846BD25D1FDE5771004A30D3 /* iOS11Tests.swift */,
				846BD25F1FDE5771004A30D3 /* Info.plist */,
			);
			path = iOS11Tests;
			sourceTree = "<group>";
		};
		846BD2671FDE5771004A30D3 /* iOS11UITests */ = {
			isa = PBXGroup;
			children = (
				846BD2681FDE5771004A30D3 /* iOS11UITests.swift */,
				846BD26A1FDE5771004A30D3 /* Info.plist */,
			);
			path = iOS11UITests;
			sourceTree = "<group>";
		};
/* End PBXGroup section */

/* Begin PBXNativeTarget section */
		846BD2441FDE5770004A30D3 /* iOS11 */ = {
			isa = PBXNativeTarget;
			buildConfigurationList = 846BD26D1FDE5771004A30D3 /* Build configuration list for PBXNativeTarget "iOS11" */;
			buildPhases = (
				846BD2411FDE5770004A30D3 /* Sources */,
				846BD2421FDE5770004A30D3 /* Frameworks */,
				846BD2431FDE5770004A30D3 /* Resources */,
			);
			buildRules = (
			);
			dependencies = (
			);
			name = iOS11;
			productName = iOS11;
			productReference = 846BD2451FDE5770004A30D3 /* iOS11.app */;
			productType = "com.apple.product-type.application";
		};
		846BD2581FDE5771004A30D3 /* iOS11Tests */ = {
			isa = PBXNativeTarget;
			buildConfigurationList = 846BD2701FDE5771004A30D3 /* Build configuration list for PBXNativeTarget "iOS11Tests" */;
			buildPhases = (
				846BD2551FDE5771004A30D3 /* Sources */,
				846BD2561FDE5771004A30D3 /* Frameworks */,
				846BD2571FDE5771004A30D3 /* Resources */,
			);
			buildRules = (
			);
			dependencies = (
				846BD25B1FDE5771004A30D3 /* PBXTargetDependency */,
			);
			name = iOS11Tests;
			productName = iOS11Tests;
			productReference = 846BD2591FDE5771004A30D3 /* iOS11Tests.xctest */;
			productType = "com.apple.product-type.bundle.unit-test";
		};
		846BD2631FDE5771004A30D3 /* iOS11UITests */ = {
			isa = PBXNativeTarget;
			buildConfigurationList = 846BD2731FDE5771004A30D3 /* Build configuration list for PBXNativeTarget "iOS11UITests" */;
			buildPhases = (
				846BD2601FDE5771004A30D3 /* Sources */,
				846BD2611FDE5771004A30D3 /* Frameworks */,
				846BD2621FDE5771004A30D3 /* Resources */,
			);
			buildRules = (
			);
			dependencies = (
				846BD2661FDE5771004A30D3 /* PBXTargetDependency */,
			);
			name = iOS11UITests;
			productName = iOS11UITests;
			productReference = 846BD2641FDE5771004A30D3 /* iOS11UITests.xctest */;
			productType = "com.apple.product-type.bundle.ui-testing";
		};
/* End PBXNativeTarget section */

/* Begin PBXProject section */
		846BD23D1FDE5770004A30D3 /* Project object */ = {
			isa = PBXProject;
			attributes = {
				LastSwiftUpdateCheck = 0900;
				LastUpgradeCheck = 0900;
				ORGANIZATIONNAME = admin;
				TargetAttributes = {
					846BD2441FDE5770004A30D3 = {
						CreatedOnToolsVersion = 9.0;
						ProvisioningStyle = Automatic;
					};
					846BD2581FDE5771004A30D3 = {
						CreatedOnToolsVersion = 9.0;
						ProvisioningStyle = Automatic;
						TestTargetID = 846BD2441FDE5770004A30D3;
					};
					846BD2631FDE5771004A30D3 = {
						CreatedOnToolsVersion = 9.0;
						ProvisioningStyle = Automatic;
						TestTargetID = 846BD2441FDE5770004A30D3;
					};
				};
			};
			buildConfigurationList = 846BD2401FDE5770004A30D3 /* Build configuration list for PBXProject "iOS11" */;
			compatibilityVersion = "Xcode 8.0";
			developmentRegion = en;
			hasScannedForEncodings = 0;
			knownRegions = (
				en,
				Base,
			);
			mainGroup = 846BD23C1FDE5770004A30D3;
			productRefGroup = 846BD2461FDE5770004A30D3 /* Products */;
			projectDirPath = "";
			projectRoot = "";
			targets = (
				846BD2441FDE5770004A30D3 /* iOS11 */,
				846BD2581FDE5771004A30D3 /* iOS11Tests */,
				846BD2631FDE5771004A30D3 /* iOS11UITests */,
			);
		};
/* End PBXProject section */

/* Begin PBXResourcesBuildPhase section */
		846BD2431FDE5770004A30D3 /* Resources */ = {
			isa = PBXResourcesBuildPhase;
			buildActionMask = 2147483647;
			files = (
				846BD2531FDE5770004A30D3 /* LaunchScreen.storyboard in Resources */,
				846BD2501FDE5770004A30D3 /* Assets.xcassets in Resources */,
				846BD24E1FDE5770004A30D3 /* Main.storyboard in Resources */,
			);
			runOnlyForDeploymentPostprocessing = 0;
		};
		846BD2571FDE5771004A30D3 /* Resources */ = {
			isa = PBXResourcesBuildPhase;
			buildActionMask = 2147483647;
			files = (
			);
			runOnlyForDeploymentPostprocessing = 0;
		};
		846BD2621FDE5771004A30D3 /* Resources */ = {
			isa = PBXResourcesBuildPhase;
			buildActionMask = 2147483647;
			files = (
			);
			runOnlyForDeploymentPostprocessing = 0;
		};
/* End PBXResourcesBuildPhase section */

/* Begin PBXSourcesBuildPhase section */
		846BD2411FDE5770004A30D3 /* Sources */ = {
			isa = PBXSourcesBuildPhase;
			buildActionMask = 2147483647;
			files = (
				846BD24B1FDE5770004A30D3 /* ViewController.swift in Sources */,
				846BD2491FDE5770004A30D3 /* AppDelegate.swift in Sources */,
			);
			runOnlyForDeploymentPostprocessing = 0;
		};
		846BD2551FDE5771004A30D3 /* Sources */ = {
			isa = PBXSourcesBuildPhase;
			buildActionMask = 2147483647;
			files = (
				846BD25E1FDE5771004A30D3 /* iOS11Tests.swift in Sources */,
			);
			runOnlyForDeploymentPostprocessing = 0;
		};
		846BD2601FDE5771004A30D3 /* Sources */ = {
			isa = PBXSourcesBuildPhase;
			buildActionMask = 2147483647;
			files = (
				846BD2691FDE5771004A30D3 /* iOS11UITests.swift in Sources */,
			);
			runOnlyForDeploymentPostprocessing = 0;
		};
/* End PBXSourcesBuildPhase section */

/* Begin PBXTargetDependency section */
		846BD25B1FDE5771004A30D3 /* PBXTargetDependency */ = {
			isa = PBXTargetDependency;
			target = 846BD2441FDE5770004A30D3 /* iOS11 */;
			targetProxy = 846BD25A1FDE5771004A30D3 /* PBXContainerItemProxy */;
		};
		846BD2661FDE5771004A30D3 /* PBXTargetDependency */ = {
			isa = PBXTargetDependency;
			target = 846BD2441FDE5770004A30D3 /* iOS11 */;
			targetProxy = 846BD2651FDE5771004A30D3 /* PBXContainerItemProxy */;
		};
/* End PBXTargetDependency section */

/* Begin PBXVariantGroup section */
		846BD24C1FDE5770004A30D3 /* Main.storyboard */ = {
			isa = PBXVariantGroup;
			children = (
				846BD24D1FDE5770004A30D3 /* Base */,
			);
			name = Main.storyboard;
			sourceTree = "<group>";
		};
		846BD2511FDE5770004A30D3 /* LaunchScreen.storyboard */ = {
			isa = PBXVariantGroup;
			children = (
				846BD2521FDE5770004A30D3 /* Base */,
			);
			name = LaunchScreen.storyboard;
			sourceTree = "<group>";
		};
/* End PBXVariantGroup section */

/* Begin XCBuildConfiguration section */
		846BD26B1FDE5771004A30D3 /* Debug */ = {
			isa = XCBuildConfiguration;
			buildSettings = {
				ALWAYS_SEARCH_USER_PATHS = NO;
				CLANG_ANALYZER_NONNULL = YES;
				CLANG_ANALYZER_NUMBER_OBJECT_CONVERSION = YES_AGGRESSIVE;
				CLANG_CXX_LANGUAGE_STANDARD = "gnu++14";
				CLANG_CXX_LIBRARY = "libc++";
				CLANG_ENABLE_MODULES = YES;
				CLANG_ENABLE_OBJC_ARC = YES;
				CLANG_WARN_BLOCK_CAPTURE_AUTORELEASING = YES;
				CLANG_WARN_BOOL_CONVERSION = YES;
				CLANG_WARN_COMMA = YES;
				CLANG_WARN_CONSTANT_CONVERSION = YES;
				CLANG_WARN_DIRECT_OBJC_ISA_USAGE = YES_ERROR;
				CLANG_WARN_DOCUMENTATION_COMMENTS = YES;
				CLANG_WARN_EMPTY_BODY = YES;
				CLANG_WARN_ENUM_CONVERSION = YES;
				CLANG_WARN_INFINITE_RECURSION = YES;
				CLANG_WARN_INT_CONVERSION = YES;
				CLANG_WARN_NON_LITERAL_NULL_CONVERSION = YES;
				CLANG_WARN_OBJC_LITERAL_CONVERSION = YES;
				CLANG_WARN_OBJC_ROOT_CLASS = YES_ERROR;
				CLANG_WARN_RANGE_LOOP_ANALYSIS = YES;
				CLANG_WARN_STRICT_PROTOTYPES = YES;
				CLANG_WARN_SUSPICIOUS_MOVE = YES;
				CLANG_WARN_UNGUARDED_AVAILABILITY = YES_AGGRESSIVE;
				CLANG_WARN_UNREACHABLE_CODE = YES;
				CLANG_WARN__DUPLICATE_METHOD_MATCH = YES;
				CODE_SIGN_IDENTITY = "iPhone Developer";
				COPY_PHASE_STRIP = NO;
				DEBUG_INFORMATION_FORMAT = dwarf;
				ENABLE_STRICT_OBJC_MSGSEND = YES;
				ENABLE_TESTABILITY = YES;
				GCC_C_LANGUAGE_STANDARD = gnu11;
				GCC_DYNAMIC_NO_PIC = NO;
				GCC_NO_COMMON_BLOCKS = YES;
				GCC_OPTIMIZATION_LEVEL = 0;
				GCC_PREPROCESSOR_DEFINITIONS = (
					"DEBUG=1",
					"$(inherited)",
				);
				GCC_WARN_64_TO_32_BIT_CONVERSION = YES;
				GCC_WARN_ABOUT_RETURN_TYPE = YES_ERROR;
				GCC_WARN_UNDECLARED_SELECTOR = YES;
				GCC_WARN_UNINITIALIZED_AUTOS = YES_AGGRESSIVE;
				GCC_WARN_UNUSED_FUNCTION = YES;
				GCC_WARN_UNUSED_VARIABLE = YES;
				IPHONEOS_DEPLOYMENT_TARGET = 11.0;
				MTL_ENABLE_DEBUG_INFO = YES;
				ONLY_ACTIVE_ARCH = YES;
				SDKROOT = iphoneos;
				SWIFT_ACTIVE_COMPILATION_CONDITIONS = DEBUG;
				SWIFT_OPTIMIZATION_LEVEL = "-Onone";
			};
			name = Debug;
		};
		846BD26C1FDE5771004A30D3 /* Release */ = {
			isa = XCBuildConfiguration;
			buildSettings = {
				ALWAYS_SEARCH_USER_PATHS = NO;
				CLANG_ANALYZER_NONNULL = YES;
				CLANG_ANALYZER_NUMBER_OBJECT_CONVERSION = YES_AGGRESSIVE;
				CLANG_CXX_LANGUAGE_STANDARD = "gnu++14";
				CLANG_CXX_LIBRARY = "libc++";
				CLANG_ENABLE_MODULES = YES;
				CLANG_ENABLE_OBJC_ARC = YES;
				CLANG_WARN_BLOCK_CAPTURE_AUTORELEASING = YES;
				CLANG_WARN_BOOL_CONVERSION = YES;
				CLANG_WARN_COMMA = YES;
				CLANG_WARN_CONSTANT_CONVERSION = YES;
				CLANG_WARN_DIRECT_OBJC_ISA_USAGE = YES_ERROR;
				CLANG_WARN_DOCUMENTATION_COMMENTS = YES;
				CLANG_WARN_EMPTY_BODY = YES;
				CLANG_WARN_ENUM_CONVERSION = YES;
				CLANG_WARN_INFINITE_RECURSION = YES;
				CLANG_WARN_INT_CONVERSION = YES;
				CLANG_WARN_NON_LITERAL_NULL_CONVERSION = YES;
				CLANG_WARN_OBJC_LITERAL_CONVERSION = YES;
				CLANG_WARN_OBJC_ROOT_CLASS = YES_ERROR;
				CLANG_WARN_RANGE_LOOP_ANALYSIS = YES;
				CLANG_WARN_STRICT_PROTOTYPES = YES;
				CLANG_WARN_SUSPICIOUS_MOVE = YES;
				CLANG_WARN_UNGUARDED_AVAILABILITY = YES_AGGRESSIVE;
				CLANG_WARN_UNREACHABLE_CODE = YES;
				CLANG_WARN__DUPLICATE_METHOD_MATCH = YES;
				CODE_SIGN_IDENTITY = "iPhone Developer";
				COPY_PHASE_STRIP = NO;
				DEBUG_INFORMATION_FORMAT = "dwarf-with-dsym";
				ENABLE_NS_ASSERTIONS = NO;
				ENABLE_STRICT_OBJC_MSGSEND = YES;
				GCC_C_LANGUAGE_STANDARD = gnu11;
				GCC_NO_COMMON_BLOCKS = YES;
				GCC_WARN_64_TO_32_BIT_CONVERSION = YES;
				GCC_WARN_ABOUT_RETURN_TYPE = YES_ERROR;
				GCC_WARN_UNDECLARED_SELECTOR = YES;
				GCC_WARN_UNINITIALIZED_AUTOS = YES_AGGRESSIVE;
				GCC_WARN_UNUSED_FUNCTION = YES;
				GCC_WARN_UNUSED_VARIABLE = YES;
				IPHONEOS_DEPLOYMENT_TARGET = 11.0;
				MTL_ENABLE_DEBUG_INFO = NO;
				SDKROOT = iphoneos;
				SWIFT_OPTIMIZATION_LEVEL = "-Owholemodule";
				VALIDATE_PRODUCT = YES;
			};
			name = Release;
		};
		846BD26E1FDE5771004A30D3 /* Debug */ = {
			isa = XCBuildConfiguration;
			buildSettings = {
				ASSETCATALOG_COMPILER_APPICON_NAME = AppIcon;
				CODE_SIGN_STYLE = Automatic;
				DEVELOPMENT_TEAM = 27RFSD4S44;
				INFOPLIST_FILE = iOS11/Info.plist;
				LD_RUNPATH_SEARCH_PATHS = "$(inherited) @executable_path/Frameworks";
				PRODUCT_BUNDLE_IDENTIFIER = aaa.iOS11;
				PRODUCT_NAME = "$(TARGET_NAME)";
				SWIFT_VERSION = 4.0;
				TARGETED_DEVICE_FAMILY = "1,2";
			};
			name = Debug;
		};
		846BD26F1FDE5771004A30D3 /* Release */ = {
			isa = XCBuildConfiguration;
			buildSettings = {
				ASSETCATALOG_COMPILER_APPICON_NAME = AppIcon;
				CODE_SIGN_STYLE = Automatic;
				DEVELOPMENT_TEAM = 27RFSD4S44;
				INFOPLIST_FILE = iOS11/Info.plist;
				LD_RUNPATH_SEARCH_PATHS = "$(inherited) @executable_path/Frameworks";
				PRODUCT_BUNDLE_IDENTIFIER = aaa.iOS11;
				PRODUCT_NAME = "$(TARGET_NAME)";
				SWIFT_VERSION = 4.0;
				TARGETED_DEVICE_FAMILY = "1,2";
			};
			name = Release;
		};
		846BD2711FDE5771004A30D3 /* Debug */ = {
			isa = XCBuildConfiguration;
			buildSettings = {
				ALWAYS_EMBED_SWIFT_STANDARD_LIBRARIES = YES;
				BUNDLE_LOADER = "$(TEST_HOST)";
				CODE_SIGN_STYLE = Automatic;
				INFOPLIST_FILE = iOS11Tests/Info.plist;
				LD_RUNPATH_SEARCH_PATHS = "$(inherited) @executable_path/Frameworks @loader_path/Frameworks";
				PRODUCT_BUNDLE_IDENTIFIER = aaa.iOS11Tests;
				PRODUCT_NAME = "$(TARGET_NAME)";
				SWIFT_VERSION = 4.0;
				TARGETED_DEVICE_FAMILY = "1,2";
				TEST_HOST = "$(BUILT_PRODUCTS_DIR)/iOS11.app/iOS11";
			};
			name = Debug;
		};
		846BD2721FDE5771004A30D3 /* Release */ = {
			isa = XCBuildConfiguration;
			buildSettings = {
				ALWAYS_EMBED_SWIFT_STANDARD_LIBRARIES = YES;
				BUNDLE_LOADER = "$(TEST_HOST)";
				CODE_SIGN_STYLE = Automatic;
				INFOPLIST_FILE = iOS11Tests/Info.plist;
				LD_RUNPATH_SEARCH_PATHS = "$(inherited) @executable_path/Frameworks @loader_path/Frameworks";
				PRODUCT_BUNDLE_IDENTIFIER = aaa.iOS11Tests;
				PRODUCT_NAME = "$(TARGET_NAME)";
				SWIFT_VERSION = 4.0;
				TARGETED_DEVICE_FAMILY = "1,2";
				TEST_HOST = "$(BUILT_PRODUCTS_DIR)/iOS11.app/iOS11";
			};
			name = Release;
		};
		846BD2741FDE5771004A30D3 /* Debug */ = {
			isa = XCBuildConfiguration;
			buildSettings = {
				ALWAYS_EMBED_SWIFT_STANDARD_LIBRARIES = YES;
				CODE_SIGN_STYLE = Automatic;
				INFOPLIST_FILE = iOS11UITests/Info.plist;
				LD_RUNPATH_SEARCH_PATHS = "$(inherited) @executable_path/Frameworks @loader_path/Frameworks";
				PRODUCT_BUNDLE_IDENTIFIER = aaa.iOS11UITests;
				PRODUCT_NAME = "$(TARGET_NAME)";
				SWIFT_VERSION = 4.0;
				TARGETED_DEVICE_FAMILY = "1,2";
				TEST_TARGET_NAME = iOS11;
			};
			name = Debug;
		};
		846BD2751FDE5771004A30D3 /* Release */ = {
			isa = XCBuildConfiguration;
			buildSettings = {
				ALWAYS_EMBED_SWIFT_STANDARD_LIBRARIES = YES;
				CODE_SIGN_STYLE = Automatic;
				INFOPLIST_FILE = iOS11UITests/Info.plist;
				LD_RUNPATH_SEARCH_PATHS = "$(inherited) @executable_path/Frameworks @loader_path/Frameworks";
				PRODUCT_BUNDLE_IDENTIFIER = aaa.iOS11UITests;
				PRODUCT_NAME = "$(TARGET_NAME)";
				SWIFT_VERSION = 4.0;
				TARGETED_DEVICE_FAMILY = "1,2";
				TEST_TARGET_NAME = iOS11;
			};
			name = Release;
		};
/* End XCBuildConfiguration section */

/* Begin XCConfigurationList section */
		846BD2401FDE5770004A30D3 /* Build configuration list for PBXProject "iOS11" */ = {
			isa = XCConfigurationList;
			buildConfigurations = (
				846BD26B1FDE5771004A30D3 /* Debug */,
				846BD26C1FDE5771004A30D3 /* Release */,
			);
			defaultConfigurationIsVisible = 0;
			defaultConfigurationName = Release;
		};
		846BD26D1FDE5771004A30D3 /* Build configuration list for PBXNativeTarget "iOS11" */ = {
			isa = XCConfigurationList;
			buildConfigurations = (
				846BD26E1FDE5771004A30D3 /* Debug */,
				846BD26F1FDE5771004A30D3 /* Release */,
			);
			defaultConfigurationIsVisible = 0;
			defaultConfigurationName = Release;
		};
		846BD2701FDE5771004A30D3 /* Build configuration list for PBXNativeTarget "iOS11Tests" */ = {
			isa = XCConfigurationList;
			buildConfigurations = (
				846BD2711FDE5771004A30D3 /* Debug */,
				846BD2721FDE5771004A30D3 /* Release */,
			);
			defaultConfigurationIsVisible = 0;
			defaultConfigurationName = Release;
		};
		846BD2731FDE5771004A30D3 /* Build configuration list for PBXNativeTarget "iOS11UITests" */ = {
			isa = XCConfigurationList;
			buildConfigurations = (
				846BD2741FDE5771004A30D3 /* Debug */,
				846BD2751FDE5771004A30D3 /* Release */,
			);
			defaultConfigurationIsVisible = 0;
			defaultConfigurationName = Release;
		};
/* End XCConfigurationList section */
	};
	rootObject = 846BD23D1FDE5770004A30D3 /* Project object */;
}
