// !$*UTF8*$!
{
	archiveVersion = 1;
	classes = {
	};
	objectVersion = 48;
	objects = {

/* Begin PBXBuildFile section */
		849D7D631FDC3B9700BBBB74 /* AppDelegate.swift in Sources */ = {isa = PBXBuildFile; fileRef = 849D7D621FDC3B9700BBBB74 /* AppDelegate.swift */; };
		849D7D651FDC3B9700BBBB74 /* ViewController.swift in Sources */ = {isa = PBXBuildFile; fileRef = 849D7D641FDC3B9700BBBB74 /* ViewController.swift */; };
		849D7D681FDC3B9700BBBB74 /* Main.storyboard in Resources */ = {isa = PBXBuildFile; fileRef = 849D7D661FDC3B9700BBBB74 /* Main.storyboard */; };
		849D7D6A1FDC3B9700BBBB74 /* Assets.xcassets in Resources */ = {isa = PBXBuildFile; fileRef = 849D7D691FDC3B9700BBBB74 /* Assets.xcassets */; };
		849D7D6D1FDC3B9700BBBB74 /* LaunchScreen.storyboard in Resources */ = {isa = PBXBuildFile; fileRef = 849D7D6B1FDC3B9700BBBB74 /* LaunchScreen.storyboard */; };
		849D7D781FDC3B9700BBBB74 /* TableViewTestTests.swift in Sources */ = {isa = PBXBuildFile; fileRef = 849D7D771FDC3B9700BBBB74 /* TableViewTestTests.swift */; };
		849D7D831FDC3B9700BBBB74 /* TableViewTestUITests.swift in Sources */ = {isa = PBXBuildFile; fileRef = 849D7D821FDC3B9700BBBB74 /* TableViewTestUITests.swift */; };
/* End PBXBuildFile section */

/* Begin PBXContainerItemProxy section */
		849D7D741FDC3B9700BBBB74 /* PBXContainerItemProxy */ = {
			isa = PBXContainerItemProxy;
			containerPortal = 849D7D571FDC3B9700BBBB74 /* Project object */;
			proxyType = 1;
			remoteGlobalIDString = 849D7D5E1FDC3B9700BBBB74;
			remoteInfo = TableViewTest;
		};
		849D7D7F1FDC3B9700BBBB74 /* PBXContainerItemProxy */ = {
			isa = PBXContainerItemProxy;
			containerPortal = 849D7D571FDC3B9700BBBB74 /* Project object */;
			proxyType = 1;
			remoteGlobalIDString = 849D7D5E1FDC3B9700BBBB74;
			remoteInfo = TableViewTest;
		};
/* End PBXContainerItemProxy section */

/* Begin PBXFileReference section */
		849D7D5F1FDC3B9700BBBB74 /* TableViewTest.app */ = {isa = PBXFileReference; explicitFileType = wrapper.application; includeInIndex = 0; path = TableViewTest.app; sourceTree = BUILT_PRODUCTS_DIR; };
		849D7D621FDC3B9700BBBB74 /* AppDelegate.swift */ = {isa = PBXFileReference; lastKnownFileType = sourcecode.swift; path = AppDelegate.swift; sourceTree = "<group>"; };
		849D7D641FDC3B9700BBBB74 /* ViewController.swift */ = {isa = PBXFileReference; lastKnownFileType = sourcecode.swift; path = ViewController.swift; sourceTree = "<group>"; };
		849D7D671FDC3B9700BBBB74 /* Base */ = {isa = PBXFileReference; lastKnownFileType = file.storyboard; name = Base; path = Base.lproj/Main.storyboard; sourceTree = "<group>"; };
		849D7D691FDC3B9700BBBB74 /* Assets.xcassets */ = {isa = PBXFileReference; lastKnownFileType = folder.assetcatalog; path = Assets.xcassets; sourceTree = "<group>"; };
		849D7D6C1FDC3B9700BBBB74 /* Base */ = {isa = PBXFileReference; lastKnownFileType = file.storyboard; name = Base; path = Base.lproj/LaunchScreen.storyboard; sourceTree = "<group>"; };
		849D7D6E1FDC3B9700BBBB74 /* Info.plist */ = {isa = PBXFileReference; lastKnownFileType = text.plist.xml; path = Info.plist; sourceTree = "<group>"; };
		849D7D731FDC3B9700BBBB74 /* TableViewTestTests.xctest */ = {isa = PBXFileReference; explicitFileType = wrapper.cfbundle; includeInIndex = 0; path = TableViewTestTests.xctest; sourceTree = BUILT_PRODUCTS_DIR; };
		849D7D771FDC3B9700BBBB74 /* TableViewTestTests.swift */ = {isa = PBXFileReference; lastKnownFileType = sourcecode.swift; path = TableViewTestTests.swift; sourceTree = "<group>"; };
		849D7D791FDC3B9700BBBB74 /* Info.plist */ = {isa = PBXFileReference; lastKnownFileType = text.plist.xml; path = Info.plist; sourceTree = "<group>"; };
		849D7D7E1FDC3B9700BBBB74 /* TableViewTestUITests.xctest */ = {isa = PBXFileReference; explicitFileType = wrapper.cfbundle; includeInIndex = 0; path = TableViewTestUITests.xctest; sourceTree = BUILT_PRODUCTS_DIR; };
		849D7D821FDC3B9700BBBB74 /* TableViewTestUITests.swift */ = {isa = PBXFileReference; lastKnownFileType = sourcecode.swift; path = TableViewTestUITests.swift; sourceTree = "<group>"; };
		849D7D841FDC3B9700BBBB74 /* Info.plist */ = {isa = PBXFileReference; lastKnownFileType = text.plist.xml; path = Info.plist; sourceTree = "<group>"; };
/* End PBXFileReference section */

/* Begin PBXFrameworksBuildPhase section */
		849D7D5C1FDC3B9700BBBB74 /* Frameworks */ = {
			isa = PBXFrameworksBuildPhase;
			buildActionMask = 2147483647;
			files = (
			);
			runOnlyForDeploymentPostprocessing = 0;
		};
		849D7D701FDC3B9700BBBB74 /* Frameworks */ = {
			isa = PBXFrameworksBuildPhase;
			buildActionMask = 2147483647;
			files = (
			);
			runOnlyForDeploymentPostprocessing = 0;
		};
		849D7D7B1FDC3B9700BBBB74 /* Frameworks */ = {
			isa = PBXFrameworksBuildPhase;
			buildActionMask = 2147483647;
			files = (
			);
			runOnlyForDeploymentPostprocessing = 0;
		};
/* End PBXFrameworksBuildPhase section */

/* Begin PBXGroup section */
		849D7D561FDC3B9700BBBB74 = {
			isa = PBXGroup;
			children = (
				849D7D611FDC3B9700BBBB74 /* TableViewTest */,
				849D7D761FDC3B9700BBBB74 /* TableViewTestTests */,
				849D7D811FDC3B9700BBBB74 /* TableViewTestUITests */,
				849D7D601FDC3B9700BBBB74 /* Products */,
			);
			sourceTree = "<group>";
		};
		849D7D601FDC3B9700BBBB74 /* Products */ = {
			isa = PBXGroup;
			children = (
				849D7D5F1FDC3B9700BBBB74 /* TableViewTest.app */,
				849D7D731FDC3B9700BBBB74 /* TableViewTestTests.xctest */,
				849D7D7E1FDC3B9700BBBB74 /* TableViewTestUITests.xctest */,
			);
			name = Products;
			sourceTree = "<group>";
		};
		849D7D611FDC3B9700BBBB74 /* TableViewTest */ = {
			isa = PBXGroup;
			children = (
				849D7D621FDC3B9700BBBB74 /* AppDelegate.swift */,
				849D7D641FDC3B9700BBBB74 /* ViewController.swift */,
				849D7D661FDC3B9700BBBB74 /* Main.storyboard */,
				849D7D691FDC3B9700BBBB74 /* Assets.xcassets */,
				849D7D6B1FDC3B9700BBBB74 /* LaunchScreen.storyboard */,
				849D7D6E1FDC3B9700BBBB74 /* Info.plist */,
			);
			path = TableViewTest;
			sourceTree = "<group>";
		};
		849D7D761FDC3B9700BBBB74 /* TableViewTestTests */ = {
			isa = PBXGroup;
			children = (
				849D7D771FDC3B9700BBBB74 /* TableViewTestTests.swift */,
				849D7D791FDC3B9700BBBB74 /* Info.plist */,
			);
			path = TableViewTestTests;
			sourceTree = "<group>";
		};
		849D7D811FDC3B9700BBBB74 /* TableViewTestUITests */ = {
			isa = PBXGroup;
			children = (
				849D7D821FDC3B9700BBBB74 /* TableViewTestUITests.swift */,
				849D7D841FDC3B9700BBBB74 /* Info.plist */,
			);
			path = TableViewTestUITests;
			sourceTree = "<group>";
		};
/* End PBXGroup section */

/* Begin PBXNativeTarget section */
		849D7D5E1FDC3B9700BBBB74 /* TableViewTest */ = {
			isa = PBXNativeTarget;
			buildConfigurationList = 849D7D871FDC3B9700BBBB74 /* Build configuration list for PBXNativeTarget "TableViewTest" */;
			buildPhases = (
				849D7D5B1FDC3B9700BBBB74 /* Sources */,
				849D7D5C1FDC3B9700BBBB74 /* Frameworks */,
				849D7D5D1FDC3B9700BBBB74 /* Resources */,
			);
			buildRules = (
			);
			dependencies = (
			);
			name = TableViewTest;
			productName = TableViewTest;
			productReference = 849D7D5F1FDC3B9700BBBB74 /* TableViewTest.app */;
			productType = "com.apple.product-type.application";
		};
		849D7D721FDC3B9700BBBB74 /* TableViewTestTests */ = {
			isa = PBXNativeTarget;
			buildConfigurationList = 849D7D8A1FDC3B9700BBBB74 /* Build configuration list for PBXNativeTarget "TableViewTestTests" */;
			buildPhases = (
				849D7D6F1FDC3B9700BBBB74 /* Sources */,
				849D7D701FDC3B9700BBBB74 /* Frameworks */,
				849D7D711FDC3B9700BBBB74 /* Resources */,
			);
			buildRules = (
			);
			dependencies = (
				849D7D751FDC3B9700BBBB74 /* PBXTargetDependency */,
			);
			name = TableViewTestTests;
			productName = TableViewTestTests;
			productReference = 849D7D731FDC3B9700BBBB74 /* TableViewTestTests.xctest */;
			productType = "com.apple.product-type.bundle.unit-test";
		};
		849D7D7D1FDC3B9700BBBB74 /* TableViewTestUITests */ = {
			isa = PBXNativeTarget;
			buildConfigurationList = 849D7D8D1FDC3B9700BBBB74 /* Build configuration list for PBXNativeTarget "TableViewTestUITests" */;
			buildPhases = (
				849D7D7A1FDC3B9700BBBB74 /* Sources */,
				849D7D7B1FDC3B9700BBBB74 /* Frameworks */,
				849D7D7C1FDC3B9700BBBB74 /* Resources */,
			);
			buildRules = (
			);
			dependencies = (
				849D7D801FDC3B9700BBBB74 /* PBXTargetDependency */,
			);
			name = TableViewTestUITests;
			productName = TableViewTestUITests;
			productReference = 849D7D7E1FDC3B9700BBBB74 /* TableViewTestUITests.xctest */;
			productType = "com.apple.product-type.bundle.ui-testing";
		};
/* End PBXNativeTarget section */

/* Begin PBXProject section */
		849D7D571FDC3B9700BBBB74 /* Project object */ = {
			isa = PBXProject;
			attributes = {
				LastSwiftUpdateCheck = 0900;
				LastUpgradeCheck = 0900;
				ORGANIZATIONNAME = admin;
				TargetAttributes = {
					849D7D5E1FDC3B9700BBBB74 = {
						CreatedOnToolsVersion = 9.0;
						ProvisioningStyle = Automatic;
					};
					849D7D721FDC3B9700BBBB74 = {
						CreatedOnToolsVersion = 9.0;
						ProvisioningStyle = Automatic;
						TestTargetID = 849D7D5E1FDC3B9700BBBB74;
					};
					849D7D7D1FDC3B9700BBBB74 = {
						CreatedOnToolsVersion = 9.0;
						ProvisioningStyle = Automatic;
						TestTargetID = 849D7D5E1FDC3B9700BBBB74;
					};
				};
			};
			buildConfigurationList = 849D7D5A1FDC3B9700BBBB74 /* Build configuration list for PBXProject "TableViewTest" */;
			compatibilityVersion = "Xcode 8.0";
			developmentRegion = en;
			hasScannedForEncodings = 0;
			knownRegions = (
				en,
				Base,
			);
			mainGroup = 849D7D561FDC3B9700BBBB74;
			productRefGroup = 849D7D601FDC3B9700BBBB74 /* Products */;
			projectDirPath = "";
			projectRoot = "";
			targets = (
				849D7D5E1FDC3B9700BBBB74 /* TableViewTest */,
				849D7D721FDC3B9700BBBB74 /* TableViewTestTests */,
				849D7D7D1FDC3B9700BBBB74 /* TableViewTestUITests */,
			);
		};
/* End PBXProject section */

/* Begin PBXResourcesBuildPhase section */
		849D7D5D1FDC3B9700BBBB74 /* Resources */ = {
			isa = PBXResourcesBuildPhase;
			buildActionMask = 2147483647;
			files = (
				849D7D6D1FDC3B9700BBBB74 /* LaunchScreen.storyboard in Resources */,
				849D7D6A1FDC3B9700BBBB74 /* Assets.xcassets in Resources */,
				849D7D681FDC3B9700BBBB74 /* Main.storyboard in Resources */,
			);
			runOnlyForDeploymentPostprocessing = 0;
		};
		849D7D711FDC3B9700BBBB74 /* Resources */ = {
			isa = PBXResourcesBuildPhase;
			buildActionMask = 2147483647;
			files = (
			);
			runOnlyForDeploymentPostprocessing = 0;
		};
		849D7D7C1FDC3B9700BBBB74 /* Resources */ = {
			isa = PBXResourcesBuildPhase;
			buildActionMask = 2147483647;
			files = (
			);
			runOnlyForDeploymentPostprocessing = 0;
		};
/* End PBXResourcesBuildPhase section */

/* Begin PBXSourcesBuildPhase section */
		849D7D5B1FDC3B9700BBBB74 /* Sources */ = {
			isa = PBXSourcesBuildPhase;
			buildActionMask = 2147483647;
			files = (
				849D7D651FDC3B9700BBBB74 /* ViewController.swift in Sources */,
				849D7D631FDC3B9700BBBB74 /* AppDelegate.swift in Sources */,
			);
			runOnlyForDeploymentPostprocessing = 0;
		};
		849D7D6F1FDC3B9700BBBB74 /* Sources */ = {
			isa = PBXSourcesBuildPhase;
			buildActionMask = 2147483647;
			files = (
				849D7D781FDC3B9700BBBB74 /* TableViewTestTests.swift in Sources */,
			);
			runOnlyForDeploymentPostprocessing = 0;
		};
		849D7D7A1FDC3B9700BBBB74 /* Sources */ = {
			isa = PBXSourcesBuildPhase;
			buildActionMask = 2147483647;
			files = (
				849D7D831FDC3B9700BBBB74 /* TableViewTestUITests.swift in Sources */,
			);
			runOnlyForDeploymentPostprocessing = 0;
		};
/* End PBXSourcesBuildPhase section */

/* Begin PBXTargetDependency section */
		849D7D751FDC3B9700BBBB74 /* PBXTargetDependency */ = {
			isa = PBXTargetDependency;
			target = 849D7D5E1FDC3B9700BBBB74 /* TableViewTest */;
			targetProxy = 849D7D741FDC3B9700BBBB74 /* PBXContainerItemProxy */;
		};
		849D7D801FDC3B9700BBBB74 /* PBXTargetDependency */ = {
			isa = PBXTargetDependency;
			target = 849D7D5E1FDC3B9700BBBB74 /* TableViewTest */;
			targetProxy = 849D7D7F1FDC3B9700BBBB74 /* PBXContainerItemProxy */;
		};
/* End PBXTargetDependency section */

/* Begin PBXVariantGroup section */
		849D7D661FDC3B9700BBBB74 /* Main.storyboard */ = {
			isa = PBXVariantGroup;
			children = (
				849D7D671FDC3B9700BBBB74 /* Base */,
			);
			name = Main.storyboard;
			sourceTree = "<group>";
		};
		849D7D6B1FDC3B9700BBBB74 /* LaunchScreen.storyboard */ = {
			isa = PBXVariantGroup;
			children = (
				849D7D6C1FDC3B9700BBBB74 /* Base */,
			);
			name = LaunchScreen.storyboard;
			sourceTree = "<group>";
		};
/* End PBXVariantGroup section */

/* Begin XCBuildConfiguration section */
		849D7D851FDC3B9700BBBB74 /* Debug */ = {
			isa = XCBuildConfiguration;
			buildSettings = {
				ALWAYS_SEARCH_USER_PATHS = NO;
				CLANG_ANALYZER_NONNULL = YES;
				CLANG_ANALYZER_NUMBER_OBJECT_CONVERSION = YES_AGGRESSIVE;
				CLANG_CXX_LANGUAGE_STANDARD = "gnu++14";
				CLANG_CXX_LIBRARY = "libc++";
				CLANG_ENABLE_MODULES = YES;
				CLANG_ENABLE_OBJC_ARC = YES;
				CLANG_WARN_BLOCK_CAPTURE_AUTORELEASING = YES;
				CLANG_WARN_BOOL_CONVERSION = YES;
				CLANG_WARN_COMMA = YES;
				CLANG_WARN_CONSTANT_CONVERSION = YES;
				CLANG_WARN_DIRECT_OBJC_ISA_USAGE = YES_ERROR;
				CLANG_WARN_DOCUMENTATION_COMMENTS = YES;
				CLANG_WARN_EMPTY_BODY = YES;
				CLANG_WARN_ENUM_CONVERSION = YES;
				CLANG_WARN_INFINITE_RECURSION = YES;
				CLANG_WARN_INT_CONVERSION = YES;
				CLANG_WARN_NON_LITERAL_NULL_CONVERSION = YES;
				CLANG_WARN_OBJC_LITERAL_CONVERSION = YES;
				CLANG_WARN_OBJC_ROOT_CLASS = YES_ERROR;
				CLANG_WARN_RANGE_LOOP_ANALYSIS = YES;
				CLANG_WARN_STRICT_PROTOTYPES = YES;
				CLANG_WARN_SUSPICIOUS_MOVE = YES;
				CLANG_WARN_UNGUARDED_AVAILABILITY = YES_AGGRESSIVE;
				CLANG_WARN_UNREACHABLE_CODE = YES;
				CLANG_WARN__DUPLICATE_METHOD_MATCH = YES;
				CODE_SIGN_IDENTITY = "iPhone Developer";
				COPY_PHASE_STRIP = NO;
				DEBUG_INFORMATION_FORMAT = dwarf;
				ENABLE_STRICT_OBJC_MSGSEND = YES;
				ENABLE_TESTABILITY = YES;
				GCC_C_LANGUAGE_STANDARD = gnu11;
				GCC_DYNAMIC_NO_PIC = NO;
				GCC_NO_COMMON_BLOCKS = YES;
				GCC_OPTIMIZATION_LEVEL = 0;
				GCC_PREPROCESSOR_DEFINITIONS = (
					"DEBUG=1",
					"$(inherited)",
				);
				GCC_WARN_64_TO_32_BIT_CONVERSION = YES;
				GCC_WARN_ABOUT_RETURN_TYPE = YES_ERROR;
				GCC_WARN_UNDECLARED_SELECTOR = YES;
				GCC_WARN_UNINITIALIZED_AUTOS = YES_AGGRESSIVE;
				GCC_WARN_UNUSED_FUNCTION = YES;
				GCC_WARN_UNUSED_VARIABLE = YES;
				IPHONEOS_DEPLOYMENT_TARGET = 11.0;
				MTL_ENABLE_DEBUG_INFO = YES;
				ONLY_ACTIVE_ARCH = YES;
				SDKROOT = iphoneos;
				SWIFT_ACTIVE_COMPILATION_CONDITIONS = DEBUG;
				SWIFT_OPTIMIZATION_LEVEL = "-Onone";
			};
			name = Debug;
		};
		849D7D861FDC3B9700BBBB74 /* Release */ = {
			isa = XCBuildConfiguration;
			buildSettings = {
				ALWAYS_SEARCH_USER_PATHS = NO;
				CLANG_ANALYZER_NONNULL = YES;
				CLANG_ANALYZER_NUMBER_OBJECT_CONVERSION = YES_AGGRESSIVE;
				CLANG_CXX_LANGUAGE_STANDARD = "gnu++14";
				CLANG_CXX_LIBRARY = "libc++";
				CLANG_ENABLE_MODULES = YES;
				CLANG_ENABLE_OBJC_ARC = YES;
				CLANG_WARN_BLOCK_CAPTURE_AUTORELEASING = YES;
				CLANG_WARN_BOOL_CONVERSION = YES;
				CLANG_WARN_COMMA = YES;
				CLANG_WARN_CONSTANT_CONVERSION = YES;
				CLANG_WARN_DIRECT_OBJC_ISA_USAGE = YES_ERROR;
				CLANG_WARN_DOCUMENTATION_COMMENTS = YES;
				CLANG_WARN_EMPTY_BODY = YES;
				CLANG_WARN_ENUM_CONVERSION = YES;
				CLANG_WARN_INFINITE_RECURSION = YES;
				CLANG_WARN_INT_CONVERSION = YES;
				CLANG_WARN_NON_LITERAL_NULL_CONVERSION = YES;
				CLANG_WARN_OBJC_LITERAL_CONVERSION = YES;
				CLANG_WARN_OBJC_ROOT_CLASS = YES_ERROR;
				CLANG_WARN_RANGE_LOOP_ANALYSIS = YES;
				CLANG_WARN_STRICT_PROTOTYPES = YES;
				CLANG_WARN_SUSPICIOUS_MOVE = YES;
				CLANG_WARN_UNGUARDED_AVAILABILITY = YES_AGGRESSIVE;
				CLANG_WARN_UNREACHABLE_CODE = YES;
				CLANG_WARN__DUPLICATE_METHOD_MATCH = YES;
				CODE_SIGN_IDENTITY = "iPhone Developer";
				COPY_PHASE_STRIP = NO;
				DEBUG_INFORMATION_FORMAT = "dwarf-with-dsym";
				ENABLE_NS_ASSERTIONS = NO;
				ENABLE_STRICT_OBJC_MSGSEND = YES;
				GCC_C_LANGUAGE_STANDARD = gnu11;
				GCC_NO_COMMON_BLOCKS = YES;
				GCC_WARN_64_TO_32_BIT_CONVERSION = YES;
				GCC_WARN_ABOUT_RETURN_TYPE = YES_ERROR;
				GCC_WARN_UNDECLARED_SELECTOR = YES;
				GCC_WARN_UNINITIALIZED_AUTOS = YES_AGGRESSIVE;
				GCC_WARN_UNUSED_FUNCTION = YES;
				GCC_WARN_UNUSED_VARIABLE = YES;
				IPHONEOS_DEPLOYMENT_TARGET = 11.0;
				MTL_ENABLE_DEBUG_INFO = NO;
				SDKROOT = iphoneos;
				SWIFT_OPTIMIZATION_LEVEL = "-Owholemodule";
				VALIDATE_PRODUCT = YES;
			};
			name = Release;
		};
		849D7D881FDC3B9700BBBB74 /* Debug */ = {
			isa = XCBuildConfiguration;
			buildSettings = {
				ASSETCATALOG_COMPILER_APPICON_NAME = AppIcon;
				CODE_SIGN_STYLE = Automatic;
				DEVELOPMENT_TEAM = 27RFSD4S44;
				INFOPLIST_FILE = TableViewTest/Info.plist;
				LD_RUNPATH_SEARCH_PATHS = "$(inherited) @executable_path/Frameworks";
				PRODUCT_BUNDLE_IDENTIFIER = aaa.TableViewTest;
				PRODUCT_NAME = "$(TARGET_NAME)";
				SWIFT_VERSION = 4.0;
				TARGETED_DEVICE_FAMILY = "1,2";
			};
			name = Debug;
		};
		849D7D891FDC3B9700BBBB74 /* Release */ = {
			isa = XCBuildConfiguration;
			buildSettings = {
				ASSETCATALOG_COMPILER_APPICON_NAME = AppIcon;
				CODE_SIGN_STYLE = Automatic;
				DEVELOPMENT_TEAM = 27RFSD4S44;
				INFOPLIST_FILE = TableViewTest/Info.plist;
				LD_RUNPATH_SEARCH_PATHS = "$(inherited) @executable_path/Frameworks";
				PRODUCT_BUNDLE_IDENTIFIER = aaa.TableViewTest;
				PRODUCT_NAME = "$(TARGET_NAME)";
				SWIFT_VERSION = 4.0;
				TARGETED_DEVICE_FAMILY = "1,2";
			};
			name = Release;
		};
		849D7D8B1FDC3B9700BBBB74 /* Debug */ = {
			isa = XCBuildConfiguration;
			buildSettings = {
				ALWAYS_EMBED_SWIFT_STANDARD_LIBRARIES = YES;
				BUNDLE_LOADER = "$(TEST_HOST)";
				CODE_SIGN_STYLE = Automatic;
				INFOPLIST_FILE = TableViewTestTests/Info.plist;
				LD_RUNPATH_SEARCH_PATHS = "$(inherited) @executable_path/Frameworks @loader_path/Frameworks";
				PRODUCT_BUNDLE_IDENTIFIER = aaa.TableViewTestTests;
				PRODUCT_NAME = "$(TARGET_NAME)";
				SWIFT_VERSION = 4.0;
				TARGETED_DEVICE_FAMILY = "1,2";
				TEST_HOST = "$(BUILT_PRODUCTS_DIR)/TableViewTest.app/TableViewTest";
			};
			name = Debug;
		};
		849D7D8C1FDC3B9700BBBB74 /* Release */ = {
			isa = XCBuildConfiguration;
			buildSettings = {
				ALWAYS_EMBED_SWIFT_STANDARD_LIBRARIES = YES;
				BUNDLE_LOADER = "$(TEST_HOST)";
				CODE_SIGN_STYLE = Automatic;
				INFOPLIST_FILE = TableViewTestTests/Info.plist;
				LD_RUNPATH_SEARCH_PATHS = "$(inherited) @executable_path/Frameworks @loader_path/Frameworks";
				PRODUCT_BUNDLE_IDENTIFIER = aaa.TableViewTestTests;
				PRODUCT_NAME = "$(TARGET_NAME)";
				SWIFT_VERSION = 4.0;
				TARGETED_DEVICE_FAMILY = "1,2";
				TEST_HOST = "$(BUILT_PRODUCTS_DIR)/TableViewTest.app/TableViewTest";
			};
			name = Release;
		};
		849D7D8E1FDC3B9700BBBB74 /* Debug */ = {
			isa = XCBuildConfiguration;
			buildSettings = {
				ALWAYS_EMBED_SWIFT_STANDARD_LIBRARIES = YES;
				CODE_SIGN_STYLE = Automatic;
				INFOPLIST_FILE = TableViewTestUITests/Info.plist;
				LD_RUNPATH_SEARCH_PATHS = "$(inherited) @executable_path/Frameworks @loader_path/Frameworks";
				PRODUCT_BUNDLE_IDENTIFIER = aaa.TableViewTestUITests;
				PRODUCT_NAME = "$(TARGET_NAME)";
				SWIFT_VERSION = 4.0;
				TARGETED_DEVICE_FAMILY = "1,2";
				TEST_TARGET_NAME = TableViewTest;
			};
			name = Debug;
		};
		849D7D8F1FDC3B9700BBBB74 /* Release */ = {
			isa = XCBuildConfiguration;
			buildSettings = {
				ALWAYS_EMBED_SWIFT_STANDARD_LIBRARIES = YES;
				CODE_SIGN_STYLE = Automatic;
				INFOPLIST_FILE = TableViewTestUITests/Info.plist;
				LD_RUNPATH_SEARCH_PATHS = "$(inherited) @executable_path/Frameworks @loader_path/Frameworks";
				PRODUCT_BUNDLE_IDENTIFIER = aaa.TableViewTestUITests;
				PRODUCT_NAME = "$(TARGET_NAME)";
				SWIFT_VERSION = 4.0;
				TARGETED_DEVICE_FAMILY = "1,2";
				TEST_TARGET_NAME = TableViewTest;
			};
			name = Release;
		};
/* End XCBuildConfiguration section */

/* Begin XCConfigurationList section */
		849D7D5A1FDC3B9700BBBB74 /* Build configuration list for PBXProject "TableViewTest" */ = {
			isa = XCConfigurationList;
			buildConfigurations = (
				849D7D851FDC3B9700BBBB74 /* Debug */,
				849D7D861FDC3B9700BBBB74 /* Release */,
			);
			defaultConfigurationIsVisible = 0;
			defaultConfigurationName = Release;
		};
		849D7D871FDC3B9700BBBB74 /* Build configuration list for PBXNativeTarget "TableViewTest" */ = {
			isa = XCConfigurationList;
			buildConfigurations = (
				849D7D881FDC3B9700BBBB74 /* Debug */,
				849D7D891FDC3B9700BBBB74 /* Release */,
			);
			defaultConfigurationIsVisible = 0;
			defaultConfigurationName = Release;
		};
		849D7D8A1FDC3B9700BBBB74 /* Build configuration list for PBXNativeTarget "TableViewTestTests" */ = {
			isa = XCConfigurationList;
			buildConfigurations = (
				849D7D8B1FDC3B9700BBBB74 /* Debug */,
				849D7D8C1FDC3B9700BBBB74 /* Release */,
			);
			defaultConfigurationIsVisible = 0;
			defaultConfigurationName = Release;
		};
		849D7D8D1FDC3B9700BBBB74 /* Build configuration list for PBXNativeTarget "TableViewTestUITests" */ = {
			isa = XCConfigurationList;
			buildConfigurations = (
				849D7D8E1FDC3B9700BBBB74 /* Debug */,
				849D7D8F1FDC3B9700BBBB74 /* Release */,
			);
			defaultConfigurationIsVisible = 0;
			defaultConfigurationName = Release;
		};
/* End XCConfigurationList section */
	};
	rootObject = 849D7D571FDC3B9700BBBB74 /* Project object */;
}
