// !$*UTF8*$!
{
	archiveVersion = 1;
	classes = {
	};
	objectVersion = 48;
	objects = {

/* Begin PBXBuildFile section */
		847BAA791FD1946D001C248E /* AppDelegate.swift in Sources */ = {isa = PBXBuildFile; fileRef = 847BAA781FD1946D001C248E /* AppDelegate.swift */; };
		847BAA7B1FD1946D001C248E /* ViewController.swift in Sources */ = {isa = PBXBuildFile; fileRef = 847BAA7A1FD1946D001C248E /* ViewController.swift */; };
		847BAA7E1FD1946D001C248E /* Main.storyboard in Resources */ = {isa = PBXBuildFile; fileRef = 847BAA7C1FD1946D001C248E /* Main.storyboard */; };
		847BAA801FD1946D001C248E /* Assets.xcassets in Resources */ = {isa = PBXBuildFile; fileRef = 847BAA7F1FD1946D001C248E /* Assets.xcassets */; };
		847BAA831FD1946D001C248E /* LaunchScreen.storyboard in Resources */ = {isa = PBXBuildFile; fileRef = 847BAA811FD1946D001C248E /* LaunchScreen.storyboard */; };
		847BAA8E1FD1946D001C248E /* ViewControllerTestTests.swift in Sources */ = {isa = PBXBuildFile; fileRef = 847BAA8D1FD1946D001C248E /* ViewControllerTestTests.swift */; };
		847BAA991FD1946E001C248E /* ViewControllerTestUITests.swift in Sources */ = {isa = PBXBuildFile; fileRef = 847BAA981FD1946E001C248E /* ViewControllerTestUITests.swift */; };
		847BAAA81FD194C6001C248E /* ViewController2.swift in Sources */ = {isa = PBXBuildFile; fileRef = 847BAAA61FD194C6001C248E /* ViewController2.swift */; };
/* End PBXBuildFile section */

/* Begin PBXContainerItemProxy section */
		847BAA8A1FD1946D001C248E /* PBXContainerItemProxy */ = {
			isa = PBXContainerItemProxy;
			containerPortal = 847BAA6D1FD1946D001C248E /* Project object */;
			proxyType = 1;
			remoteGlobalIDString = 847BAA741FD1946D001C248E;
			remoteInfo = ViewControllerTest;
		};
		847BAA951FD1946E001C248E /* PBXContainerItemProxy */ = {
			isa = PBXContainerItemProxy;
			containerPortal = 847BAA6D1FD1946D001C248E /* Project object */;
			proxyType = 1;
			remoteGlobalIDString = 847BAA741FD1946D001C248E;
			remoteInfo = ViewControllerTest;
		};
/* End PBXContainerItemProxy section */

/* Begin PBXFileReference section */
		847BAA751FD1946D001C248E /* ViewControllerTest.app */ = {isa = PBXFileReference; explicitFileType = wrapper.application; includeInIndex = 0; path = ViewControllerTest.app; sourceTree = BUILT_PRODUCTS_DIR; };
		847BAA781FD1946D001C248E /* AppDelegate.swift */ = {isa = PBXFileReference; lastKnownFileType = sourcecode.swift; path = AppDelegate.swift; sourceTree = "<group>"; };
		847BAA7A1FD1946D001C248E /* ViewController.swift */ = {isa = PBXFileReference; lastKnownFileType = sourcecode.swift; path = ViewController.swift; sourceTree = "<group>"; };
		847BAA7D1FD1946D001C248E /* Base */ = {isa = PBXFileReference; lastKnownFileType = file.storyboard; name = Base; path = Base.lproj/Main.storyboard; sourceTree = "<group>"; };
		847BAA7F1FD1946D001C248E /* Assets.xcassets */ = {isa = PBXFileReference; lastKnownFileType = folder.assetcatalog; path = Assets.xcassets; sourceTree = "<group>"; };
		847BAA821FD1946D001C248E /* Base */ = {isa = PBXFileReference; lastKnownFileType = file.storyboard; name = Base; path = Base.lproj/LaunchScreen.storyboard; sourceTree = "<group>"; };
		847BAA841FD1946D001C248E /* Info.plist */ = {isa = PBXFileReference; lastKnownFileType = text.plist.xml; path = Info.plist; sourceTree = "<group>"; };
		847BAA891FD1946D001C248E /* ViewControllerTestTests.xctest */ = {isa = PBXFileReference; explicitFileType = wrapper.cfbundle; includeInIndex = 0; path = ViewControllerTestTests.xctest; sourceTree = BUILT_PRODUCTS_DIR; };
		847BAA8D1FD1946D001C248E /* ViewControllerTestTests.swift */ = {isa = PBXFileReference; lastKnownFileType = sourcecode.swift; path = ViewControllerTestTests.swift; sourceTree = "<group>"; };
		847BAA8F1FD1946D001C248E /* Info.plist */ = {isa = PBXFileReference; lastKnownFileType = text.plist.xml; path = Info.plist; sourceTree = "<group>"; };
		847BAA941FD1946E001C248E /* ViewControllerTestUITests.xctest */ = {isa = PBXFileReference; explicitFileType = wrapper.cfbundle; includeInIndex = 0; path = ViewControllerTestUITests.xctest; sourceTree = BUILT_PRODUCTS_DIR; };
		847BAA981FD1946E001C248E /* ViewControllerTestUITests.swift */ = {isa = PBXFileReference; lastKnownFileType = sourcecode.swift; path = ViewControllerTestUITests.swift; sourceTree = "<group>"; };
		847BAA9A1FD1946E001C248E /* Info.plist */ = {isa = PBXFileReference; lastKnownFileType = text.plist.xml; path = Info.plist; sourceTree = "<group>"; };
		847BAAA61FD194C6001C248E /* ViewController2.swift */ = {isa = PBXFileReference; lastKnownFileType = sourcecode.swift; path = ViewController2.swift; sourceTree = "<group>"; };
/* End PBXFileReference section */

/* Begin PBXFrameworksBuildPhase section */
		847BAA721FD1946D001C248E /* Frameworks */ = {
			isa = PBXFrameworksBuildPhase;
			buildActionMask = 2147483647;
			files = (
			);
			runOnlyForDeploymentPostprocessing = 0;
		};
		847BAA861FD1946D001C248E /* Frameworks */ = {
			isa = PBXFrameworksBuildPhase;
			buildActionMask = 2147483647;
			files = (
			);
			runOnlyForDeploymentPostprocessing = 0;
		};
		847BAA911FD1946E001C248E /* Frameworks */ = {
			isa = PBXFrameworksBuildPhase;
			buildActionMask = 2147483647;
			files = (
			);
			runOnlyForDeploymentPostprocessing = 0;
		};
/* End PBXFrameworksBuildPhase section */

/* Begin PBXGroup section */
		847BAA6C1FD1946D001C248E = {
			isa = PBXGroup;
			children = (
				847BAA771FD1946D001C248E /* ViewControllerTest */,
				847BAA8C1FD1946D001C248E /* ViewControllerTestTests */,
				847BAA971FD1946E001C248E /* ViewControllerTestUITests */,
				847BAA761FD1946D001C248E /* Products */,
			);
			sourceTree = "<group>";
		};
		847BAA761FD1946D001C248E /* Products */ = {
			isa = PBXGroup;
			children = (
				847BAA751FD1946D001C248E /* ViewControllerTest.app */,
				847BAA891FD1946D001C248E /* ViewControllerTestTests.xctest */,
				847BAA941FD1946E001C248E /* ViewControllerTestUITests.xctest */,
			);
			name = Products;
			sourceTree = "<group>";
		};
		847BAA771FD1946D001C248E /* ViewControllerTest */ = {
			isa = PBXGroup;
			children = (
				847BAA781FD1946D001C248E /* AppDelegate.swift */,
				847BAA7A1FD1946D001C248E /* ViewController.swift */,
				847BAAA61FD194C6001C248E /* ViewController2.swift */,
				847BAA7C1FD1946D001C248E /* Main.storyboard */,
				847BAA7F1FD1946D001C248E /* Assets.xcassets */,
				847BAA811FD1946D001C248E /* LaunchScreen.storyboard */,
				847BAA841FD1946D001C248E /* Info.plist */,
			);
			path = ViewControllerTest;
			sourceTree = "<group>";
		};
		847BAA8C1FD1946D001C248E /* ViewControllerTestTests */ = {
			isa = PBXGroup;
			children = (
				847BAA8D1FD1946D001C248E /* ViewControllerTestTests.swift */,
				847BAA8F1FD1946D001C248E /* Info.plist */,
			);
			path = ViewControllerTestTests;
			sourceTree = "<group>";
		};
		847BAA971FD1946E001C248E /* ViewControllerTestUITests */ = {
			isa = PBXGroup;
			children = (
				847BAA981FD1946E001C248E /* ViewControllerTestUITests.swift */,
				847BAA9A1FD1946E001C248E /* Info.plist */,
			);
			path = ViewControllerTestUITests;
			sourceTree = "<group>";
		};
/* End PBXGroup section */

/* Begin PBXNativeTarget section */
		847BAA741FD1946D001C248E /* ViewControllerTest */ = {
			isa = PBXNativeTarget;
			buildConfigurationList = 847BAA9D1FD1946E001C248E /* Build configuration list for PBXNativeTarget "ViewControllerTest" */;
			buildPhases = (
				847BAA711FD1946D001C248E /* Sources */,
				847BAA721FD1946D001C248E /* Frameworks */,
				847BAA731FD1946D001C248E /* Resources */,
			);
			buildRules = (
			);
			dependencies = (
			);
			name = ViewControllerTest;
			productName = ViewControllerTest;
			productReference = 847BAA751FD1946D001C248E /* ViewControllerTest.app */;
			productType = "com.apple.product-type.application";
		};
		847BAA881FD1946D001C248E /* ViewControllerTestTests */ = {
			isa = PBXNativeTarget;
			buildConfigurationList = 847BAAA01FD1946E001C248E /* Build configuration list for PBXNativeTarget "ViewControllerTestTests" */;
			buildPhases = (
				847BAA851FD1946D001C248E /* Sources */,
				847BAA861FD1946D001C248E /* Frameworks */,
				847BAA871FD1946D001C248E /* Resources */,
			);
			buildRules = (
			);
			dependencies = (
				847BAA8B1FD1946D001C248E /* PBXTargetDependency */,
			);
			name = ViewControllerTestTests;
			productName = ViewControllerTestTests;
			productReference = 847BAA891FD1946D001C248E /* ViewControllerTestTests.xctest */;
			productType = "com.apple.product-type.bundle.unit-test";
		};
		847BAA931FD1946E001C248E /* ViewControllerTestUITests */ = {
			isa = PBXNativeTarget;
			buildConfigurationList = 847BAAA31FD1946E001C248E /* Build configuration list for PBXNativeTarget "ViewControllerTestUITests" */;
			buildPhases = (
				847BAA901FD1946E001C248E /* Sources */,
				847BAA911FD1946E001C248E /* Frameworks */,
				847BAA921FD1946E001C248E /* Resources */,
			);
			buildRules = (
			);
			dependencies = (
				847BAA961FD1946E001C248E /* PBXTargetDependency */,
			);
			name = ViewControllerTestUITests;
			productName = ViewControllerTestUITests;
			productReference = 847BAA941FD1946E001C248E /* ViewControllerTestUITests.xctest */;
			productType = "com.apple.product-type.bundle.ui-testing";
		};
/* End PBXNativeTarget section */

/* Begin PBXProject section */
		847BAA6D1FD1946D001C248E /* Project object */ = {
			isa = PBXProject;
			attributes = {
				LastSwiftUpdateCheck = 0900;
				LastUpgradeCheck = 0900;
				ORGANIZATIONNAME = admin;
				TargetAttributes = {
					847BAA741FD1946D001C248E = {
						CreatedOnToolsVersion = 9.0;
						ProvisioningStyle = Automatic;
					};
					847BAA881FD1946D001C248E = {
						CreatedOnToolsVersion = 9.0;
						ProvisioningStyle = Automatic;
						TestTargetID = 847BAA741FD1946D001C248E;
					};
					847BAA931FD1946E001C248E = {
						CreatedOnToolsVersion = 9.0;
						ProvisioningStyle = Automatic;
						TestTargetID = 847BAA741FD1946D001C248E;
					};
				};
			};
			buildConfigurationList = 847BAA701FD1946D001C248E /* Build configuration list for PBXProject "ViewControllerTest" */;
			compatibilityVersion = "Xcode 8.0";
			developmentRegion = en;
			hasScannedForEncodings = 0;
			knownRegions = (
				en,
				Base,
			);
			mainGroup = 847BAA6C1FD1946D001C248E;
			productRefGroup = 847BAA761FD1946D001C248E /* Products */;
			projectDirPath = "";
			projectRoot = "";
			targets = (
				847BAA741FD1946D001C248E /* ViewControllerTest */,
				847BAA881FD1946D001C248E /* ViewControllerTestTests */,
				847BAA931FD1946E001C248E /* ViewControllerTestUITests */,
			);
		};
/* End PBXProject section */

/* Begin PBXResourcesBuildPhase section */
		847BAA731FD1946D001C248E /* Resources */ = {
			isa = PBXResourcesBuildPhase;
			buildActionMask = 2147483647;
			files = (
				847BAA831FD1946D001C248E /* LaunchScreen.storyboard in Resources */,
				847BAA801FD1946D001C248E /* Assets.xcassets in Resources */,
				847BAA7E1FD1946D001C248E /* Main.storyboard in Resources */,
			);
			runOnlyForDeploymentPostprocessing = 0;
		};
		847BAA871FD1946D001C248E /* Resources */ = {
			isa = PBXResourcesBuildPhase;
			buildActionMask = 2147483647;
			files = (
			);
			runOnlyForDeploymentPostprocessing = 0;
		};
		847BAA921FD1946E001C248E /* Resources */ = {
			isa = PBXResourcesBuildPhase;
			buildActionMask = 2147483647;
			files = (
			);
			runOnlyForDeploymentPostprocessing = 0;
		};
/* End PBXResourcesBuildPhase section */

/* Begin PBXSourcesBuildPhase section */
		847BAA711FD1946D001C248E /* Sources */ = {
			isa = PBXSourcesBuildPhase;
			buildActionMask = 2147483647;
			files = (
				847BAA7B1FD1946D001C248E /* ViewController.swift in Sources */,
				847BAA791FD1946D001C248E /* AppDelegate.swift in Sources */,
				847BAAA81FD194C6001C248E /* ViewController2.swift in Sources */,
			);
			runOnlyForDeploymentPostprocessing = 0;
		};
		847BAA851FD1946D001C248E /* Sources */ = {
			isa = PBXSourcesBuildPhase;
			buildActionMask = 2147483647;
			files = (
				847BAA8E1FD1946D001C248E /* ViewControllerTestTests.swift in Sources */,
			);
			runOnlyForDeploymentPostprocessing = 0;
		};
		847BAA901FD1946E001C248E /* Sources */ = {
			isa = PBXSourcesBuildPhase;
			buildActionMask = 2147483647;
			files = (
				847BAA991FD1946E001C248E /* ViewControllerTestUITests.swift in Sources */,
			);
			runOnlyForDeploymentPostprocessing = 0;
		};
/* End PBXSourcesBuildPhase section */

/* Begin PBXTargetDependency section */
		847BAA8B1FD1946D001C248E /* PBXTargetDependency */ = {
			isa = PBXTargetDependency;
			target = 847BAA741FD1946D001C248E /* ViewControllerTest */;
			targetProxy = 847BAA8A1FD1946D001C248E /* PBXContainerItemProxy */;
		};
		847BAA961FD1946E001C248E /* PBXTargetDependency */ = {
			isa = PBXTargetDependency;
			target = 847BAA741FD1946D001C248E /* ViewControllerTest */;
			targetProxy = 847BAA951FD1946E001C248E /* PBXContainerItemProxy */;
		};
/* End PBXTargetDependency section */

/* Begin PBXVariantGroup section */
		847BAA7C1FD1946D001C248E /* Main.storyboard */ = {
			isa = PBXVariantGroup;
			children = (
				847BAA7D1FD1946D001C248E /* Base */,
			);
			name = Main.storyboard;
			sourceTree = "<group>";
		};
		847BAA811FD1946D001C248E /* LaunchScreen.storyboard */ = {
			isa = PBXVariantGroup;
			children = (
				847BAA821FD1946D001C248E /* Base */,
			);
			name = LaunchScreen.storyboard;
			sourceTree = "<group>";
		};
/* End PBXVariantGroup section */

/* Begin XCBuildConfiguration section */
		847BAA9B1FD1946E001C248E /* Debug */ = {
			isa = XCBuildConfiguration;
			buildSettings = {
				ALWAYS_SEARCH_USER_PATHS = NO;
				CLANG_ANALYZER_NONNULL = YES;
				CLANG_ANALYZER_NUMBER_OBJECT_CONVERSION = YES_AGGRESSIVE;
				CLANG_CXX_LANGUAGE_STANDARD = "gnu++14";
				CLANG_CXX_LIBRARY = "libc++";
				CLANG_ENABLE_MODULES = YES;
				CLANG_ENABLE_OBJC_ARC = YES;
				CLANG_WARN_BLOCK_CAPTURE_AUTORELEASING = YES;
				CLANG_WARN_BOOL_CONVERSION = YES;
				CLANG_WARN_COMMA = YES;
				CLANG_WARN_CONSTANT_CONVERSION = YES;
				CLANG_WARN_DIRECT_OBJC_ISA_USAGE = YES_ERROR;
				CLANG_WARN_DOCUMENTATION_COMMENTS = YES;
				CLANG_WARN_EMPTY_BODY = YES;
				CLANG_WARN_ENUM_CONVERSION = YES;
				CLANG_WARN_INFINITE_RECURSION = YES;
				CLANG_WARN_INT_CONVERSION = YES;
				CLANG_WARN_NON_LITERAL_NULL_CONVERSION = YES;
				CLANG_WARN_OBJC_LITERAL_CONVERSION = YES;
				CLANG_WARN_OBJC_ROOT_CLASS = YES_ERROR;
				CLANG_WARN_RANGE_LOOP_ANALYSIS = YES;
				CLANG_WARN_STRICT_PROTOTYPES = YES;
				CLANG_WARN_SUSPICIOUS_MOVE = YES;
				CLANG_WARN_UNGUARDED_AVAILABILITY = YES_AGGRESSIVE;
				CLANG_WARN_UNREACHABLE_CODE = YES;
				CLANG_WARN__DUPLICATE_METHOD_MATCH = YES;
				CODE_SIGN_IDENTITY = "iPhone Developer";
				COPY_PHASE_STRIP = NO;
				DEBUG_INFORMATION_FORMAT = dwarf;
				ENABLE_STRICT_OBJC_MSGSEND = YES;
				ENABLE_TESTABILITY = YES;
				GCC_C_LANGUAGE_STANDARD = gnu11;
				GCC_DYNAMIC_NO_PIC = NO;
				GCC_NO_COMMON_BLOCKS = YES;
				GCC_OPTIMIZATION_LEVEL = 0;
				GCC_PREPROCESSOR_DEFINITIONS = (
					"DEBUG=1",
					"$(inherited)",
				);
				GCC_WARN_64_TO_32_BIT_CONVERSION = YES;
				GCC_WARN_ABOUT_RETURN_TYPE = YES_ERROR;
				GCC_WARN_UNDECLARED_SELECTOR = YES;
				GCC_WARN_UNINITIALIZED_AUTOS = YES_AGGRESSIVE;
				GCC_WARN_UNUSED_FUNCTION = YES;
				GCC_WARN_UNUSED_VARIABLE = YES;
				IPHONEOS_DEPLOYMENT_TARGET = 11.0;
				MTL_ENABLE_DEBUG_INFO = YES;
				ONLY_ACTIVE_ARCH = YES;
				SDKROOT = iphoneos;
				SWIFT_ACTIVE_COMPILATION_CONDITIONS = DEBUG;
				SWIFT_OPTIMIZATION_LEVEL = "-Onone";
			};
			name = Debug;
		};
		847BAA9C1FD1946E001C248E /* Release */ = {
			isa = XCBuildConfiguration;
			buildSettings = {
				ALWAYS_SEARCH_USER_PATHS = NO;
				CLANG_ANALYZER_NONNULL = YES;
				CLANG_ANALYZER_NUMBER_OBJECT_CONVERSION = YES_AGGRESSIVE;
				CLANG_CXX_LANGUAGE_STANDARD = "gnu++14";
				CLANG_CXX_LIBRARY = "libc++";
				CLANG_ENABLE_MODULES = YES;
				CLANG_ENABLE_OBJC_ARC = YES;
				CLANG_WARN_BLOCK_CAPTURE_AUTORELEASING = YES;
				CLANG_WARN_BOOL_CONVERSION = YES;
				CLANG_WARN_COMMA = YES;
				CLANG_WARN_CONSTANT_CONVERSION = YES;
				CLANG_WARN_DIRECT_OBJC_ISA_USAGE = YES_ERROR;
				CLANG_WARN_DOCUMENTATION_COMMENTS = YES;
				CLANG_WARN_EMPTY_BODY = YES;
				CLANG_WARN_ENUM_CONVERSION = YES;
				CLANG_WARN_INFINITE_RECURSION = YES;
				CLANG_WARN_INT_CONVERSION = YES;
				CLANG_WARN_NON_LITERAL_NULL_CONVERSION = YES;
				CLANG_WARN_OBJC_LITERAL_CONVERSION = YES;
				CLANG_WARN_OBJC_ROOT_CLASS = YES_ERROR;
				CLANG_WARN_RANGE_LOOP_ANALYSIS = YES;
				CLANG_WARN_STRICT_PROTOTYPES = YES;
				CLANG_WARN_SUSPICIOUS_MOVE = YES;
				CLANG_WARN_UNGUARDED_AVAILABILITY = YES_AGGRESSIVE;
				CLANG_WARN_UNREACHABLE_CODE = YES;
				CLANG_WARN__DUPLICATE_METHOD_MATCH = YES;
				CODE_SIGN_IDENTITY = "iPhone Developer";
				COPY_PHASE_STRIP = NO;
				DEBUG_INFORMATION_FORMAT = "dwarf-with-dsym";
				ENABLE_NS_ASSERTIONS = NO;
				ENABLE_STRICT_OBJC_MSGSEND = YES;
				GCC_C_LANGUAGE_STANDARD = gnu11;
				GCC_NO_COMMON_BLOCKS = YES;
				GCC_WARN_64_TO_32_BIT_CONVERSION = YES;
				GCC_WARN_ABOUT_RETURN_TYPE = YES_ERROR;
				GCC_WARN_UNDECLARED_SELECTOR = YES;
				GCC_WARN_UNINITIALIZED_AUTOS = YES_AGGRESSIVE;
				GCC_WARN_UNUSED_FUNCTION = YES;
				GCC_WARN_UNUSED_VARIABLE = YES;
				IPHONEOS_DEPLOYMENT_TARGET = 11.0;
				MTL_ENABLE_DEBUG_INFO = NO;
				SDKROOT = iphoneos;
				SWIFT_OPTIMIZATION_LEVEL = "-Owholemodule";
				VALIDATE_PRODUCT = YES;
			};
			name = Release;
		};
		847BAA9E1FD1946E001C248E /* Debug */ = {
			isa = XCBuildConfiguration;
			buildSettings = {
				ASSETCATALOG_COMPILER_APPICON_NAME = AppIcon;
				CODE_SIGN_STYLE = Automatic;
				INFOPLIST_FILE = ViewControllerTest/Info.plist;
				LD_RUNPATH_SEARCH_PATHS = "$(inherited) @executable_path/Frameworks";
				PRODUCT_BUNDLE_IDENTIFIER = aaa.ViewControllerTest;
				PRODUCT_NAME = "$(TARGET_NAME)";
				SWIFT_VERSION = 4.0;
				TARGETED_DEVICE_FAMILY = "1,2";
			};
			name = Debug;
		};
		847BAA9F1FD1946E001C248E /* Release */ = {
			isa = XCBuildConfiguration;
			buildSettings = {
				ASSETCATALOG_COMPILER_APPICON_NAME = AppIcon;
				CODE_SIGN_STYLE = Automatic;
				INFOPLIST_FILE = ViewControllerTest/Info.plist;
				LD_RUNPATH_SEARCH_PATHS = "$(inherited) @executable_path/Frameworks";
				PRODUCT_BUNDLE_IDENTIFIER = aaa.ViewControllerTest;
				PRODUCT_NAME = "$(TARGET_NAME)";
				SWIFT_VERSION = 4.0;
				TARGETED_DEVICE_FAMILY = "1,2";
			};
			name = Release;
		};
		847BAAA11FD1946E001C248E /* Debug */ = {
			isa = XCBuildConfiguration;
			buildSettings = {
				ALWAYS_EMBED_SWIFT_STANDARD_LIBRARIES = YES;
				BUNDLE_LOADER = "$(TEST_HOST)";
				CODE_SIGN_STYLE = Automatic;
				INFOPLIST_FILE = ViewControllerTestTests/Info.plist;
				LD_RUNPATH_SEARCH_PATHS = "$(inherited) @executable_path/Frameworks @loader_path/Frameworks";
				PRODUCT_BUNDLE_IDENTIFIER = aaa.ViewControllerTestTests;
				PRODUCT_NAME = "$(TARGET_NAME)";
				SWIFT_VERSION = 4.0;
				TARGETED_DEVICE_FAMILY = "1,2";
				TEST_HOST = "$(BUILT_PRODUCTS_DIR)/ViewControllerTest.app/ViewControllerTest";
			};
			name = Debug;
		};
		847BAAA21FD1946E001C248E /* Release */ = {
			isa = XCBuildConfiguration;
			buildSettings = {
				ALWAYS_EMBED_SWIFT_STANDARD_LIBRARIES = YES;
				BUNDLE_LOADER = "$(TEST_HOST)";
				CODE_SIGN_STYLE = Automatic;
				INFOPLIST_FILE = ViewControllerTestTests/Info.plist;
				LD_RUNPATH_SEARCH_PATHS = "$(inherited) @executable_path/Frameworks @loader_path/Frameworks";
				PRODUCT_BUNDLE_IDENTIFIER = aaa.ViewControllerTestTests;
				PRODUCT_NAME = "$(TARGET_NAME)";
				SWIFT_VERSION = 4.0;
				TARGETED_DEVICE_FAMILY = "1,2";
				TEST_HOST = "$(BUILT_PRODUCTS_DIR)/ViewControllerTest.app/ViewControllerTest";
			};
			name = Release;
		};
		847BAAA41FD1946E001C248E /* Debug */ = {
			isa = XCBuildConfiguration;
			buildSettings = {
				ALWAYS_EMBED_SWIFT_STANDARD_LIBRARIES = YES;
				CODE_SIGN_STYLE = Automatic;
				INFOPLIST_FILE = ViewControllerTestUITests/Info.plist;
				LD_RUNPATH_SEARCH_PATHS = "$(inherited) @executable_path/Frameworks @loader_path/Frameworks";
				PRODUCT_BUNDLE_IDENTIFIER = aaa.ViewControllerTestUITests;
				PRODUCT_NAME = "$(TARGET_NAME)";
				SWIFT_VERSION = 4.0;
				TARGETED_DEVICE_FAMILY = "1,2";
				TEST_TARGET_NAME = ViewControllerTest;
			};
			name = Debug;
		};
		847BAAA51FD1946E001C248E /* Release */ = {
			isa = XCBuildConfiguration;
			buildSettings = {
				ALWAYS_EMBED_SWIFT_STANDARD_LIBRARIES = YES;
				CODE_SIGN_STYLE = Automatic;
				INFOPLIST_FILE = ViewControllerTestUITests/Info.plist;
				LD_RUNPATH_SEARCH_PATHS = "$(inherited) @executable_path/Frameworks @loader_path/Frameworks";
				PRODUCT_BUNDLE_IDENTIFIER = aaa.ViewControllerTestUITests;
				PRODUCT_NAME = "$(TARGET_NAME)";
				SWIFT_VERSION = 4.0;
				TARGETED_DEVICE_FAMILY = "1,2";
				TEST_TARGET_NAME = ViewControllerTest;
			};
			name = Release;
		};
/* End XCBuildConfiguration section */

/* Begin XCConfigurationList section */
		847BAA701FD1946D001C248E /* Build configuration list for PBXProject "ViewControllerTest" */ = {
			isa = XCConfigurationList;
			buildConfigurations = (
				847BAA9B1FD1946E001C248E /* Debug */,
				847BAA9C1FD1946E001C248E /* Release */,
			);
			defaultConfigurationIsVisible = 0;
			defaultConfigurationName = Release;
		};
		847BAA9D1FD1946E001C248E /* Build configuration list for PBXNativeTarget "ViewControllerTest" */ = {
			isa = XCConfigurationList;
			buildConfigurations = (
				847BAA9E1FD1946E001C248E /* Debug */,
				847BAA9F1FD1946E001C248E /* Release */,
			);
			defaultConfigurationIsVisible = 0;
			defaultConfigurationName = Release;
		};
		847BAAA01FD1946E001C248E /* Build configuration list for PBXNativeTarget "ViewControllerTestTests" */ = {
			isa = XCConfigurationList;
			buildConfigurations = (
				847BAAA11FD1946E001C248E /* Debug */,
				847BAAA21FD1946E001C248E /* Release */,
			);
			defaultConfigurationIsVisible = 0;
			defaultConfigurationName = Release;
		};
		847BAAA31FD1946E001C248E /* Build configuration list for PBXNativeTarget "ViewControllerTestUITests" */ = {
			isa = XCConfigurationList;
			buildConfigurations = (
				847BAAA41FD1946E001C248E /* Debug */,
				847BAAA51FD1946E001C248E /* Release */,
			);
			defaultConfigurationIsVisible = 0;
			defaultConfigurationName = Release;
		};
/* End XCConfigurationList section */
	};
	rootObject = 847BAA6D1FD1946D001C248E /* Project object */;
}
